{
  "originHash" : "37928483f252f051e7be2b789327608b7a6492c04fc329f50c997b2b0103c8d1",
  "pins" : [
    {
      "identity" : "alamofire",
      "kind" : "remoteSourceControl",
      "location" : "https://github.com/Alamofire/Alamofire.git",
      "state" : {
        "revision" : "f455c2975872ccd2d9c81594c658af65716e9b9a",
        "version" : "5.9.1"
      }
    },
    {
      "identity" : "generative-ai-swift",
      "kind" : "remoteSourceControl",
      "location" : "https://github.com/google-gemini/generative-ai-swift",
      "state" : {
        "revision" : "54784005b57c2235a7669e0c12e8dafa68f0ca5f",
        "version" : "0.5.4"
      }
    },
    {
      "identity" : "openaikit",
      "kind" : "remoteSourceControl",
      "location" : "https://github.com/MarcoDotIO/OpenAIKit",
      "state" : {
        "revision" : "1ae438e665433273474d330a74241a1c55742a79",
        "version" : "2.0.1"
      }
    }
  ],
  "version" : 3
}
